
Microsoft Visual Studio Solution File, Format Version 12.00
# Visual Studio Version 17
VisualStudioVersion = 17.14.36414.22 d17.14
MinimumVisualStudioVersion = 10.0.40219.1
Project("{FAE04EC0-301F-11D3-BF4B-00C04F79EFBC}") = "SalsaNOWGames", "SalsaNOWGames\SalsaNOWGames.csproj", "{79E94653-473F-466D-9EC4-F13544850F75}"
EndProject
Global
	GlobalSection(SolutionConfigurationPlatforms) = preSolution
		Debug|Any CPU = Debug|Any CPU
		Release|Any CPU = Release|Any CPU
	EndGlobalSection
	GlobalSection(ProjectConfigurationPlatforms) = postSolution
		{79E94653-473F-466D-9EC4-F13544850F75}.Debug|Any CPU.ActiveCfg = Debug|Any CPU
		{79E94653-473F-466D-9EC4-F13544850F75}.Debug|Any CPU.Build.0 = Debug|Any CPU
		{79E94653-473F-466D-9EC4-F13544850F75}.Release|Any CPU.ActiveCfg = Release|Any CPU
		{79E94653-473F-466D-9EC4-F13544850F75}.Release|Any CPU.Build.0 = Release|Any CPU
	EndGlobalSection
	GlobalSection(SolutionProperties) = preSolution
		HideSolutionNode = FALSE
	EndGlobalSection
	GlobalSection(ExtensibilityGlobals) = postSolution
		SolutionGuid = {4B1154ED-A42A-44BD-ADF2-D7A2A3523610}
	EndGlobalSection
EndGlobal
